// !$*UTF8*$!
{
	archiveVersion = 1;
	classes = {
	};
	objectVersion = 56;
	objects = {

/* Begin PBXBuildFile section */
		394ED9EB2A04E56A000A3D3F /* Notification.Name.swift in Sources */ = {isa = PBXBuildFile; fileRef = 394ED9EA2A04E56A000A3D3F /* Notification.Name.swift */; };
		394ED9ED2A04EDBE000A3D3F /* CountdownView.swift in Sources */ = {isa = PBXBuildFile; fileRef = 394ED9EC2A04EDBE000A3D3F /* CountdownView.swift */; };
		394ED9EF2A04EFD7000A3D3F /* CustomAlert.swift in Sources */ = {isa = PBXBuildFile; fileRef = 394ED9EE2A04EFD7000A3D3F /* CustomAlert.swift */; };
		394ED9F12A04F3E6000A3D3F /* LocalizationMenu.swift in Sources */ = {isa = PBXBuildFile; fileRef = 394ED9F02A04F3E6000A3D3F /* LocalizationMenu.swift */; };
		394ED9F62A053644000A3D3F /* Config.swift in Sources */ = {isa = PBXBuildFile; fileRef = 394ED9F52A053644000A3D3F /* Config.swift */; };
		394EDA132A09125B000A3D3F /* VerifyPage.swift in Sources */ = {isa = PBXBuildFile; fileRef = 394EDA122A09125B000A3D3F /* VerifyPage.swift */; };
		394EDA172A0A85AA000A3D3F /* OTPTextField.swift in Sources */ = {isa = PBXBuildFile; fileRef = 394EDA162A0A85AA000A3D3F /* OTPTextField.swift */; };
		394EDA192A0A867C000A3D3F /* OTPViewModel.swift in Sources */ = {isa = PBXBuildFile; fileRef = 394EDA182A0A867C000A3D3F /* OTPViewModel.swift */; };
		394EDA1B2A0E4F2E000A3D3F /* ProfileViewModel.swift in Sources */ = {isa = PBXBuildFile; fileRef = 394EDA1A2A0E4F2E000A3D3F /* ProfileViewModel.swift */; };
		39D1FEA22A0251B8001825D3 /* BonusMoney_ProApp.swift in Sources */ = {isa = PBXBuildFile; fileRef = 39D1FEA12A0251B8001825D3 /* BonusMoney_ProApp.swift */; };
		39D1FEA42A0251B8001825D3 /* ContentView.swift in Sources */ = {isa = PBXBuildFile; fileRef = 39D1FEA32A0251B8001825D3 /* ContentView.swift */; };
		39D1FEA62A0251BA001825D3 /* Assets.xcassets in Resources */ = {isa = PBXBuildFile; fileRef = 39D1FEA52A0251BA001825D3 /* Assets.xcassets */; };
		39D1FEA92A0251BA001825D3 /* Preview Assets.xcassets in Resources */ = {isa = PBXBuildFile; fileRef = 39D1FEA82A0251BA001825D3 /* Preview Assets.xcassets */; };
		39D1FEB22A025426001825D3 /* HelloView.swift in Sources */ = {isa = PBXBuildFile; fileRef = 39D1FEB12A025426001825D3 /* HelloView.swift */; };
		39D1FEB52A025588001825D3 /* Color+Hex.swift in Sources */ = {isa = PBXBuildFile; fileRef = 39D1FEB42A025588001825D3 /* Color+Hex.swift */; };
		39D1FEB72A0255A9001825D3 /* String+Localized.swift in Sources */ = {isa = PBXBuildFile; fileRef = 39D1FEB62A0255A9001825D3 /* String+Localized.swift */; };
		39D1FEBA2A02560B001825D3 /* Language.swift in Sources */ = {isa = PBXBuildFile; fileRef = 39D1FEB92A02560B001825D3 /* Language.swift */; };
		39D1FEBC2A02562A001825D3 /* LocalizationService.swift in Sources */ = {isa = PBXBuildFile; fileRef = 39D1FEBB2A02562A001825D3 /* LocalizationService.swift */; };
		39D1FEBF2A026145001825D3 /* AlertWithOneButton.swift in Sources */ = {isa = PBXBuildFile; fileRef = 39D1FEBE2A026145001825D3 /* AlertWithOneButton.swift */; };
		39D1FEC22A0266D7001825D3 /* Colors.swift in Sources */ = {isa = PBXBuildFile; fileRef = 39D1FEC12A0266D7001825D3 /* Colors.swift */; };
		39D1FEC42A026C38001825D3 /* PhoneNumberPage.swift in Sources */ = {isa = PBXBuildFile; fileRef = 39D1FEC32A026C38001825D3 /* PhoneNumberPage.swift */; };
		39D1FEC62A0275B9001825D3 /* VerifyCallToPhoneView.swift in Sources */ = {isa = PBXBuildFile; fileRef = 39D1FEC52A0275B9001825D3 /* VerifyCallToPhoneView.swift */; };
		39D1FEC82A0283F5001825D3 /* VerifyRegistrationCodeView.swift in Sources */ = {isa = PBXBuildFile; fileRef = 39D1FEC72A0283F5001825D3 /* VerifyRegistrationCodeView.swift */; };
		39D1FECA2A0288D9001825D3 /* Color+MainColor.swift in Sources */ = {isa = PBXBuildFile; fileRef = 39D1FEC92A0288D9001825D3 /* Color+MainColor.swift */; };
		39D1FECC2A028BA5001825D3 /* AlertWithTwoButtons.swift in Sources */ = {isa = PBXBuildFile; fileRef = 39D1FECB2A028BA5001825D3 /* AlertWithTwoButtons.swift */; };
		39D1FECE2A028D72001825D3 /* ProfilePage.swift in Sources */ = {isa = PBXBuildFile; fileRef = 39D1FECD2A028D72001825D3 /* ProfilePage.swift */; };
		39D1FED02A028E40001825D3 /* ProfileModel.swift in Sources */ = {isa = PBXBuildFile; fileRef = 39D1FECF2A028E40001825D3 /* ProfileModel.swift */; };
		39D1FED42A02B0EC001825D3 /* Constants.swift in Sources */ = {isa = PBXBuildFile; fileRef = 39D1FED32A02B0EC001825D3 /* Constants.swift */; };
		39D1FEDA2A03A343001825D3 /* String+PhoneNumber.swift in Sources */ = {isa = PBXBuildFile; fileRef = 39D1FED92A03A343001825D3 /* String+PhoneNumber.swift */; };
		39D1FEDC2A03AE30001825D3 /* RequestManager.swift in Sources */ = {isa = PBXBuildFile; fileRef = 39D1FEDB2A03AE30001825D3 /* RequestManager.swift */; };
		39D1FEDE2A03AFD0001825D3 /* LoginViewModel.swift in Sources */ = {isa = PBXBuildFile; fileRef = 39D1FEDD2A03AFCF001825D3 /* LoginViewModel.swift */; };
		39D1FEE02A03B6FE001825D3 /* PhoneVerificationModel.swift in Sources */ = {isa = PBXBuildFile; fileRef = 39D1FEDF2A03B6FE001825D3 /* PhoneVerificationModel.swift */; };
		39D1FEE22A03B8A9001825D3 /* NetworkError.swift in Sources */ = {isa = PBXBuildFile; fileRef = 39D1FEE12A03B8A9001825D3 /* NetworkError.swift */; };
		39D1FEE52A03CEA8001825D3 /* VerifyModel.swift in Sources */ = {isa = PBXBuildFile; fileRef = 39D1FEE42A03CEA8001825D3 /* VerifyModel.swift */; };
		39D1FEE72A03CF93001825D3 /* HTTPResponseHandler.swift in Sources */ = {isa = PBXBuildFile; fileRef = 39D1FEE62A03CF93001825D3 /* HTTPResponseHandler.swift */; };
		39D1FEE92A03D3D2001825D3 /* AlertModel.swift in Sources */ = {isa = PBXBuildFile; fileRef = 39D1FEE82A03D3D2001825D3 /* AlertModel.swift */; };
		39D1FEEC2A03EECB001825D3 /* ButtonStyle.swift in Sources */ = {isa = PBXBuildFile; fileRef = 39D1FEEB2A03EECB001825D3 /* ButtonStyle.swift */; };
		39D1FEEE2A03F6A7001825D3 /* LocalizedMenu.swift in Sources */ = {isa = PBXBuildFile; fileRef = 39D1FEED2A03F6A7001825D3 /* LocalizedMenu.swift */; };
		39D1FEF02A03FCBF001825D3 /* Alert.swift in Sources */ = {isa = PBXBuildFile; fileRef = 39D1FEEF2A03FCBF001825D3 /* Alert.swift */; };
		39D1FEF22A0434B5001825D3 /* PhoneNumberTextField.swift in Sources */ = {isa = PBXBuildFile; fileRef = 39D1FEF12A0434B5001825D3 /* PhoneNumberTextField.swift */; };
/* End PBXBuildFile section */

/* Begin PBXFileReference section */
		394ED9EA2A04E56A000A3D3F /* Notification.Name.swift */ = {isa = PBXFileReference; lastKnownFileType = sourcecode.swift; path = Notification.Name.swift; sourceTree = "<group>"; };
		394ED9EC2A04EDBE000A3D3F /* CountdownView.swift */ = {isa = PBXFileReference; lastKnownFileType = sourcecode.swift; path = CountdownView.swift; sourceTree = "<group>"; };
		394ED9EE2A04EFD7000A3D3F /* CustomAlert.swift */ = {isa = PBXFileReference; lastKnownFileType = sourcecode.swift; path = CustomAlert.swift; sourceTree = "<group>"; };
		394ED9F02A04F3E6000A3D3F /* LocalizationMenu.swift */ = {isa = PBXFileReference; lastKnownFileType = sourcecode.swift; path = LocalizationMenu.swift; sourceTree = "<group>"; };
		394ED9F52A053644000A3D3F /* Config.swift */ = {isa = PBXFileReference; lastKnownFileType = sourcecode.swift; path = Config.swift; sourceTree = "<group>"; };
		394EDA122A09125B000A3D3F /* VerifyPage.swift */ = {isa = PBXFileReference; lastKnownFileType = sourcecode.swift; path = VerifyPage.swift; sourceTree = "<group>"; };
		394EDA162A0A85AA000A3D3F /* OTPTextField.swift */ = {isa = PBXFileReference; lastKnownFileType = sourcecode.swift; path = OTPTextField.swift; sourceTree = "<group>"; };
		394EDA182A0A867C000A3D3F /* OTPViewModel.swift */ = {isa = PBXFileReference; lastKnownFileType = sourcecode.swift; path = OTPViewModel.swift; sourceTree = "<group>"; };
		394EDA1A2A0E4F2E000A3D3F /* ProfileViewModel.swift */ = {isa = PBXFileReference; lastKnownFileType = sourcecode.swift; path = ProfileViewModel.swift; sourceTree = "<group>"; };
		39D1FE9E2A0251B8001825D3 /* BonusMoney.Pro.app */ = {isa = PBXFileReference; explicitFileType = wrapper.application; includeInIndex = 0; path = BonusMoney.Pro.app; sourceTree = BUILT_PRODUCTS_DIR; };
		39D1FEA12A0251B8001825D3 /* BonusMoney_ProApp.swift */ = {isa = PBXFileReference; lastKnownFileType = sourcecode.swift; path = BonusMoney_ProApp.swift; sourceTree = "<group>"; };
		39D1FEA32A0251B8001825D3 /* ContentView.swift */ = {isa = PBXFileReference; lastKnownFileType = sourcecode.swift; path = ContentView.swift; sourceTree = "<group>"; };
		39D1FEA52A0251BA001825D3 /* Assets.xcassets */ = {isa = PBXFileReference; lastKnownFileType = folder.assetcatalog; path = Assets.xcassets; sourceTree = "<group>"; };
		39D1FEA82A0251BA001825D3 /* Preview Assets.xcassets */ = {isa = PBXFileReference; lastKnownFileType = folder.assetcatalog; path = "Preview Assets.xcassets"; sourceTree = "<group>"; };
		39D1FEB12A025426001825D3 /* HelloView.swift */ = {isa = PBXFileReference; lastKnownFileType = sourcecode.swift; path = HelloView.swift; sourceTree = "<group>"; };
		39D1FEB42A025588001825D3 /* Color+Hex.swift */ = {isa = PBXFileReference; lastKnownFileType = sourcecode.swift; path = "Color+Hex.swift"; sourceTree = "<group>"; };
		39D1FEB62A0255A9001825D3 /* String+Localized.swift */ = {isa = PBXFileReference; lastKnownFileType = sourcecode.swift; path = "String+Localized.swift"; sourceTree = "<group>"; };
		39D1FEB92A02560B001825D3 /* Language.swift */ = {isa = PBXFileReference; lastKnownFileType = sourcecode.swift; path = Language.swift; sourceTree = "<group>"; };
		39D1FEBB2A02562A001825D3 /* LocalizationService.swift */ = {isa = PBXFileReference; lastKnownFileType = sourcecode.swift; path = LocalizationService.swift; sourceTree = "<group>"; };
		39D1FEBE2A026145001825D3 /* AlertWithOneButton.swift */ = {isa = PBXFileReference; lastKnownFileType = sourcecode.swift; path = AlertWithOneButton.swift; sourceTree = "<group>"; };
		39D1FEC12A0266D7001825D3 /* Colors.swift */ = {isa = PBXFileReference; lastKnownFileType = sourcecode.swift; path = Colors.swift; sourceTree = "<group>"; };
		39D1FEC32A026C38001825D3 /* PhoneNumberPage.swift */ = {isa = PBXFileReference; lastKnownFileType = sourcecode.swift; path = PhoneNumberPage.swift; sourceTree = "<group>"; };
		39D1FEC52A0275B9001825D3 /* VerifyCallToPhoneView.swift */ = {isa = PBXFileReference; lastKnownFileType = sourcecode.swift; path = VerifyCallToPhoneView.swift; sourceTree = "<group>"; };
		39D1FEC72A0283F5001825D3 /* VerifyRegistrationCodeView.swift */ = {isa = PBXFileReference; lastKnownFileType = sourcecode.swift; path = VerifyRegistrationCodeView.swift; sourceTree = "<group>"; };
		39D1FEC92A0288D9001825D3 /* Color+MainColor.swift */ = {isa = PBXFileReference; lastKnownFileType = sourcecode.swift; path = "Color+MainColor.swift"; sourceTree = "<group>"; };
		39D1FECB2A028BA5001825D3 /* AlertWithTwoButtons.swift */ = {isa = PBXFileReference; lastKnownFileType = sourcecode.swift; path = AlertWithTwoButtons.swift; sourceTree = "<group>"; };
		39D1FECD2A028D72001825D3 /* ProfilePage.swift */ = {isa = PBXFileReference; lastKnownFileType = sourcecode.swift; path = ProfilePage.swift; sourceTree = "<group>"; };
		39D1FECF2A028E40001825D3 /* ProfileModel.swift */ = {isa = PBXFileReference; lastKnownFileType = sourcecode.swift; path = ProfileModel.swift; sourceTree = "<group>"; };
		39D1FED32A02B0EC001825D3 /* Constants.swift */ = {isa = PBXFileReference; lastKnownFileType = sourcecode.swift; path = Constants.swift; sourceTree = "<group>"; };
		39D1FED92A03A343001825D3 /* String+PhoneNumber.swift */ = {isa = PBXFileReference; lastKnownFileType = sourcecode.swift; path = "String+PhoneNumber.swift"; sourceTree = "<group>"; };
		39D1FEDB2A03AE30001825D3 /* RequestManager.swift */ = {isa = PBXFileReference; lastKnownFileType = sourcecode.swift; path = RequestManager.swift; sourceTree = "<group>"; };
		39D1FEDD2A03AFCF001825D3 /* LoginViewModel.swift */ = {isa = PBXFileReference; lastKnownFileType = sourcecode.swift; path = LoginViewModel.swift; sourceTree = "<group>"; };
		39D1FEDF2A03B6FE001825D3 /* PhoneVerificationModel.swift */ = {isa = PBXFileReference; lastKnownFileType = sourcecode.swift; path = PhoneVerificationModel.swift; sourceTree = "<group>"; };
		39D1FEE12A03B8A9001825D3 /* NetworkError.swift */ = {isa = PBXFileReference; lastKnownFileType = sourcecode.swift; path = NetworkError.swift; sourceTree = "<group>"; };
		39D1FEE42A03CEA8001825D3 /* VerifyModel.swift */ = {isa = PBXFileReference; lastKnownFileType = sourcecode.swift; path = VerifyModel.swift; sourceTree = "<group>"; };
		39D1FEE62A03CF93001825D3 /* HTTPResponseHandler.swift */ = {isa = PBXFileReference; lastKnownFileType = sourcecode.swift; path = HTTPResponseHandler.swift; sourceTree = "<group>"; };
		39D1FEE82A03D3D2001825D3 /* AlertModel.swift */ = {isa = PBXFileReference; lastKnownFileType = sourcecode.swift; path = AlertModel.swift; sourceTree = "<group>"; };
		39D1FEEB2A03EECB001825D3 /* ButtonStyle.swift */ = {isa = PBXFileReference; lastKnownFileType = sourcecode.swift; path = ButtonStyle.swift; sourceTree = "<group>"; };
		39D1FEED2A03F6A7001825D3 /* LocalizedMenu.swift */ = {isa = PBXFileReference; lastKnownFileType = sourcecode.swift; path = LocalizedMenu.swift; sourceTree = "<group>"; };
		39D1FEEF2A03FCBF001825D3 /* Alert.swift */ = {isa = PBXFileReference; lastKnownFileType = sourcecode.swift; path = Alert.swift; sourceTree = "<group>"; };
		39D1FEF12A0434B5001825D3 /* PhoneNumberTextField.swift */ = {isa = PBXFileReference; lastKnownFileType = sourcecode.swift; path = PhoneNumberTextField.swift; sourceTree = "<group>"; };
/* End PBXFileReference section */

/* Begin PBXFrameworksBuildPhase section */
		39D1FE9B2A0251B8001825D3 /* Frameworks */ = {
			isa = PBXFrameworksBuildPhase;
			buildActionMask = 2147483647;
			files = (
			);
			runOnlyForDeploymentPostprocessing = 0;
		};
/* End PBXFrameworksBuildPhase section */

/* Begin PBXGroup section */
		394ED9E72A04E4A5000A3D3F /* UI */ = {
			isa = PBXGroup;
			children = (
				39D1FEF12A0434B5001825D3 /* PhoneNumberTextField.swift */,
				394ED9EC2A04EDBE000A3D3F /* CountdownView.swift */,
				394ED9F02A04F3E6000A3D3F /* LocalizationMenu.swift */,
				39D1FEBE2A026145001825D3 /* AlertWithOneButton.swift */,
				39D1FECB2A028BA5001825D3 /* AlertWithTwoButtons.swift */,
				394EDA162A0A85AA000A3D3F /* OTPTextField.swift */,
			);
			path = UI;
			sourceTree = "<group>";
		};
		394ED9F42A05361D000A3D3F /* Cofig */ = {
			isa = PBXGroup;
			children = (
				394ED9F52A053644000A3D3F /* Config.swift */,
				39D1FEC12A0266D7001825D3 /* Colors.swift */,
				39D1FED32A02B0EC001825D3 /* Constants.swift */,
			);
			path = Cofig;
			sourceTree = "<group>";
		};
		394EDA112A091191000A3D3F /* VerifyPage */ = {
			isa = PBXGroup;
			children = (
				39D1FEC52A0275B9001825D3 /* VerifyCallToPhoneView.swift */,
				39D1FEC72A0283F5001825D3 /* VerifyRegistrationCodeView.swift */,
				394EDA122A09125B000A3D3F /* VerifyPage.swift */,
			);
			path = VerifyPage;
			sourceTree = "<group>";
		};
		39D1FE952A0251B8001825D3 = {
			isa = PBXGroup;
			children = (
				39D1FEA02A0251B8001825D3 /* BonusMoney.Pro */,
				39D1FE9F2A0251B8001825D3 /* Products */,
			);
			sourceTree = "<group>";
		};
		39D1FE9F2A0251B8001825D3 /* Products */ = {
			isa = PBXGroup;
			children = (
				39D1FE9E2A0251B8001825D3 /* BonusMoney.Pro.app */,
			);
			name = Products;
			sourceTree = "<group>";
		};
		39D1FEA02A0251B8001825D3 /* BonusMoney.Pro */ = {
			isa = PBXGroup;
			children = (
				39D1FED52A039EE7001825D3 /* Managers */,
				39D1FEC02A0266C8001825D3 /* Models */,
				39D1FEB82A0255F7001825D3 /* Localization */,
				39D1FEB32A025572001825D3 /* Extensions */,
				39D1FED72A039EFE001825D3 /* ViewModels */,
				39D1FEAF2A025228001825D3 /* View */,
				39D1FEA12A0251B8001825D3 /* BonusMoney_ProApp.swift */,
				39D1FEA32A0251B8001825D3 /* ContentView.swift */,
				39D1FEA52A0251BA001825D3 /* Assets.xcassets */,
				39D1FEA72A0251BA001825D3 /* Preview Content */,
			);
			path = BonusMoney.Pro;
			sourceTree = "<group>";
		};
		39D1FEA72A0251BA001825D3 /* Preview Content */ = {
			isa = PBXGroup;
			children = (
				39D1FEA82A0251BA001825D3 /* Preview Assets.xcassets */,
			);
			path = "Preview Content";
			sourceTree = "<group>";
		};
		39D1FEAF2A025228001825D3 /* View */ = {
			isa = PBXGroup;
			children = (
				394ED9E72A04E4A5000A3D3F /* UI */,
				39D1FEEA2A03EEBA001825D3 /* Button */,
				39D1FEBD2A026120001825D3 /* Allert */,
				39D1FEB02A025232001825D3 /* Login */,
			);
			path = View;
			sourceTree = "<group>";
		};
		39D1FEB02A025232001825D3 /* Login */ = {
			isa = PBXGroup;
			children = (
				39D1FEB12A025426001825D3 /* HelloView.swift */,
				39D1FEC32A026C38001825D3 /* PhoneNumberPage.swift */,
				394EDA112A091191000A3D3F /* VerifyPage */,
				39D1FECD2A028D72001825D3 /* ProfilePage.swift */,
			);
			path = Login;
			sourceTree = "<group>";
		};
		39D1FEB32A025572001825D3 /* Extensions */ = {
			isa = PBXGroup;
			children = (
				39D1FEB42A025588001825D3 /* Color+Hex.swift */,
				39D1FEC92A0288D9001825D3 /* Color+MainColor.swift */,
				39D1FEB62A0255A9001825D3 /* String+Localized.swift */,
				39D1FED92A03A343001825D3 /* String+PhoneNumber.swift */,
				394ED9EA2A04E56A000A3D3F /* Notification.Name.swift */,
			);
			path = Extensions;
			sourceTree = "<group>";
		};
		39D1FEB82A0255F7001825D3 /* Localization */ = {
			isa = PBXGroup;
			children = (
				39D1FEB92A02560B001825D3 /* Language.swift */,
				39D1FEBB2A02562A001825D3 /* LocalizationService.swift */,
			);
			path = Localization;
			sourceTree = "<group>";
		};
		39D1FEBD2A026120001825D3 /* Allert */ = {
			isa = PBXGroup;
			children = (
				39D1FEEF2A03FCBF001825D3 /* Alert.swift */,
				394ED9EE2A04EFD7000A3D3F /* CustomAlert.swift */,
			);
			path = Allert;
			sourceTree = "<group>";
		};
		39D1FEC02A0266C8001825D3 /* Models */ = {
			isa = PBXGroup;
			children = (
				394ED9F42A05361D000A3D3F /* Cofig */,
				39D1FEE32A03CE76001825D3 /* Login */,
				39D1FEE12A03B8A9001825D3 /* NetworkError.swift */,
				39D1FEE82A03D3D2001825D3 /* AlertModel.swift */,
			);
			path = Models;
			sourceTree = "<group>";
		};
		39D1FED52A039EE7001825D3 /* Managers */ = {
			isa = PBXGroup;
			children = (
				39D1FED62A039EEF001825D3 /* APIClient */,
			);
			path = Managers;
			sourceTree = "<group>";
		};
		39D1FED62A039EEF001825D3 /* APIClient */ = {
			isa = PBXGroup;
			children = (
				39D1FEDB2A03AE30001825D3 /* RequestManager.swift */,
				39D1FEE62A03CF93001825D3 /* HTTPResponseHandler.swift */,
			);
			path = APIClient;
			sourceTree = "<group>";
		};
		39D1FED72A039EFE001825D3 /* ViewModels */ = {
			isa = PBXGroup;
			children = (
				39D1FED82A039F0C001825D3 /* Login */,
			);
			path = ViewModels;
			sourceTree = "<group>";
		};
		39D1FED82A039F0C001825D3 /* Login */ = {
			isa = PBXGroup;
			children = (
				39D1FEDD2A03AFCF001825D3 /* LoginViewModel.swift */,
				394EDA182A0A867C000A3D3F /* OTPViewModel.swift */,
				394EDA1A2A0E4F2E000A3D3F /* ProfileViewModel.swift */,
			);
			path = Login;
			sourceTree = "<group>";
		};
		39D1FEE32A03CE76001825D3 /* Login */ = {
			isa = PBXGroup;
			children = (
				39D1FECF2A028E40001825D3 /* ProfileModel.swift */,
				39D1FEDF2A03B6FE001825D3 /* PhoneVerificationModel.swift */,
				39D1FEE42A03CEA8001825D3 /* VerifyModel.swift */,
			);
			path = Login;
			sourceTree = "<group>";
		};
		39D1FEEA2A03EEBA001825D3 /* Button */ = {
			isa = PBXGroup;
			children = (
				39D1FEEB2A03EECB001825D3 /* ButtonStyle.swift */,
				39D1FEED2A03F6A7001825D3 /* LocalizedMenu.swift */,
			);
			path = Button;
			sourceTree = "<group>";
		};
/* End PBXGroup section */

/* Begin PBXNativeTarget section */
		39D1FE9D2A0251B8001825D3 /* BonusMoney.Pro */ = {
			isa = PBXNativeTarget;
			buildConfigurationList = 39D1FEAC2A0251BA001825D3 /* Build configuration list for PBXNativeTarget "BonusMoney.Pro" */;
			buildPhases = (
				39D1FE9A2A0251B8001825D3 /* Sources */,
				39D1FE9B2A0251B8001825D3 /* Frameworks */,
				39D1FE9C2A0251B8001825D3 /* Resources */,
			);
			buildRules = (
			);
			dependencies = (
			);
			name = BonusMoney.Pro;
			productName = BonusMoney.Pro;
			productReference = 39D1FE9E2A0251B8001825D3 /* BonusMoney.Pro.app */;
			productType = "com.apple.product-type.application";
		};
/* End PBXNativeTarget section */

/* Begin PBXProject section */
		39D1FE962A0251B8001825D3 /* Project object */ = {
			isa = PBXProject;
			attributes = {
				BuildIndependentTargetsInParallel = 1;
				LastSwiftUpdateCheck = 1430;
				LastUpgradeCheck = 1430;
				TargetAttributes = {
					39D1FE9D2A0251B8001825D3 = {
						CreatedOnToolsVersion = 14.3;
					};
				};
			};
			buildConfigurationList = 39D1FE992A0251B8001825D3 /* Build configuration list for PBXProject "BonusMoney.Pro" */;
			compatibilityVersion = "Xcode 14.0";
			developmentRegion = en;
			hasScannedForEncodings = 0;
			knownRegions = (
				en,
				Base,
			);
			mainGroup = 39D1FE952A0251B8001825D3;
			productRefGroup = 39D1FE9F2A0251B8001825D3 /* Products */;
			projectDirPath = "";
			projectRoot = "";
			targets = (
				39D1FE9D2A0251B8001825D3 /* BonusMoney.Pro */,
			);
		};
/* End PBXProject section */

/* Begin PBXResourcesBuildPhase section */
		39D1FE9C2A0251B8001825D3 /* Resources */ = {
			isa = PBXResourcesBuildPhase;
			buildActionMask = 2147483647;
			files = (
				39D1FEA92A0251BA001825D3 /* Preview Assets.xcassets in Resources */,
				39D1FEA62A0251BA001825D3 /* Assets.xcassets in Resources */,
			);
			runOnlyForDeploymentPostprocessing = 0;
		};
/* End PBXResourcesBuildPhase section */

/* Begin PBXSourcesBuildPhase section */
		39D1FE9A2A0251B8001825D3 /* Sources */ = {
			isa = PBXSourcesBuildPhase;
			buildActionMask = 2147483647;
			files = (
				39D1FEDA2A03A343001825D3 /* String+PhoneNumber.swift in Sources */,
				39D1FEBC2A02562A001825D3 /* LocalizationService.swift in Sources */,
				39D1FED42A02B0EC001825D3 /* Constants.swift in Sources */,
				39D1FECC2A028BA5001825D3 /* AlertWithTwoButtons.swift in Sources */,
				394ED9ED2A04EDBE000A3D3F /* CountdownView.swift in Sources */,
				39D1FEC22A0266D7001825D3 /* Colors.swift in Sources */,
				394ED9F12A04F3E6000A3D3F /* LocalizationMenu.swift in Sources */,
				39D1FEB22A025426001825D3 /* HelloView.swift in Sources */,
				39D1FEF02A03FCBF001825D3 /* Alert.swift in Sources */,
				39D1FEB52A025588001825D3 /* Color+Hex.swift in Sources */,
				39D1FEA42A0251B8001825D3 /* ContentView.swift in Sources */,
				39D1FEEE2A03F6A7001825D3 /* LocalizedMenu.swift in Sources */,
				39D1FEE92A03D3D2001825D3 /* AlertModel.swift in Sources */,
				39D1FEDE2A03AFD0001825D3 /* LoginViewModel.swift in Sources */,
				39D1FEF22A0434B5001825D3 /* PhoneNumberTextField.swift in Sources */,
				39D1FEE22A03B8A9001825D3 /* NetworkError.swift in Sources */,
				394EDA132A09125B000A3D3F /* VerifyPage.swift in Sources */,
				394ED9F62A053644000A3D3F /* Config.swift in Sources */,
				39D1FEDC2A03AE30001825D3 /* RequestManager.swift in Sources */,
				39D1FEE52A03CEA8001825D3 /* VerifyModel.swift in Sources */,
				39D1FEEC2A03EECB001825D3 /* ButtonStyle.swift in Sources */,
				39D1FEE02A03B6FE001825D3 /* PhoneVerificationModel.swift in Sources */,
				39D1FEBA2A02560B001825D3 /* Language.swift in Sources */,
				39D1FEC42A026C38001825D3 /* PhoneNumberPage.swift in Sources */,
				394EDA1B2A0E4F2E000A3D3F /* ProfileViewModel.swift in Sources */,
				39D1FECA2A0288D9001825D3 /* Color+MainColor.swift in Sources */,
				394EDA172A0A85AA000A3D3F /* OTPTextField.swift in Sources */,
				39D1FEBF2A026145001825D3 /* AlertWithOneButton.swift in Sources */,
				39D1FEE72A03CF93001825D3 /* HTTPResponseHandler.swift in Sources */,
				39D1FEC82A0283F5001825D3 /* VerifyRegistrationCodeView.swift in Sources */,
				394EDA192A0A867C000A3D3F /* OTPViewModel.swift in Sources */,
				39D1FEA22A0251B8001825D3 /* BonusMoney_ProApp.swift in Sources */,
				39D1FECE2A028D72001825D3 /* ProfilePage.swift in Sources */,
				39D1FEC62A0275B9001825D3 /* VerifyCallToPhoneView.swift in Sources */,
				39D1FEB72A0255A9001825D3 /* String+Localized.swift in Sources */,
				394ED9EB2A04E56A000A3D3F /* Notification.Name.swift in Sources */,
				39D1FED02A028E40001825D3 /* ProfileModel.swift in Sources */,
				394ED9EF2A04EFD7000A3D3F /* CustomAlert.swift in Sources */,
			);
			runOnlyForDeploymentPostprocessing = 0;
		};
/* End PBXSourcesBuildPhase section */

/* Begin XCBuildConfiguration section */
		39D1FEAA2A0251BA001825D3 /* Debug */ = {
			isa = XCBuildConfiguration;
			buildSettings = {
				ALWAYS_SEARCH_USER_PATHS = NO;
				CLANG_ANALYZER_NONNULL = YES;
				CLANG_ANALYZER_NUMBER_OBJECT_CONVERSION = YES_AGGRESSIVE;
				CLANG_CXX_LANGUAGE_STANDARD = "gnu++20";
				CLANG_ENABLE_MODULES = YES;
				CLANG_ENABLE_OBJC_ARC = YES;
				CLANG_ENABLE_OBJC_WEAK = YES;
				CLANG_WARN_BLOCK_CAPTURE_AUTORELEASING = YES;
				CLANG_WARN_BOOL_CONVERSION = YES;
				CLANG_WARN_COMMA = YES;
				CLANG_WARN_CONSTANT_CONVERSION = YES;
				CLANG_WARN_DEPRECATED_OBJC_IMPLEMENTATIONS = YES;
				CLANG_WARN_DIRECT_OBJC_ISA_USAGE = YES_ERROR;
				CLANG_WARN_DOCUMENTATION_COMMENTS = YES;
				CLANG_WARN_EMPTY_BODY = YES;
				CLANG_WARN_ENUM_CONVERSION = YES;
				CLANG_WARN_INFINITE_RECURSION = YES;
				CLANG_WARN_INT_CONVERSION = YES;
				CLANG_WARN_NON_LITERAL_NULL_CONVERSION = YES;
				CLANG_WARN_OBJC_IMPLICIT_RETAIN_SELF = YES;
				CLANG_WARN_OBJC_LITERAL_CONVERSION = YES;
				CLANG_WARN_OBJC_ROOT_CLASS = YES_ERROR;
				CLANG_WARN_QUOTED_INCLUDE_IN_FRAMEWORK_HEADER = YES;
				CLANG_WARN_RANGE_LOOP_ANALYSIS = YES;
				CLANG_WARN_STRICT_PROTOTYPES = YES;
				CLANG_WARN_SUSPICIOUS_MOVE = YES;
				CLANG_WARN_UNGUARDED_AVAILABILITY = YES_AGGRESSIVE;
				CLANG_WARN_UNREACHABLE_CODE = YES;
				CLANG_WARN__DUPLICATE_METHOD_MATCH = YES;
				COPY_PHASE_STRIP = NO;
				DEBUG_INFORMATION_FORMAT = dwarf;
				ENABLE_STRICT_OBJC_MSGSEND = YES;
				ENABLE_TESTABILITY = YES;
				GCC_C_LANGUAGE_STANDARD = gnu11;
				GCC_DYNAMIC_NO_PIC = NO;
				GCC_NO_COMMON_BLOCKS = YES;
				GCC_OPTIMIZATION_LEVEL = 0;
				GCC_PREPROCESSOR_DEFINITIONS = (
					"DEBUG=1",
					"$(inherited)",
				);
				GCC_WARN_64_TO_32_BIT_CONVERSION = YES;
				GCC_WARN_ABOUT_RETURN_TYPE = YES_ERROR;
				GCC_WARN_UNDECLARED_SELECTOR = YES;
				GCC_WARN_UNINITIALIZED_AUTOS = YES_AGGRESSIVE;
				GCC_WARN_UNUSED_FUNCTION = YES;
				GCC_WARN_UNUSED_VARIABLE = YES;
				IPHONEOS_DEPLOYMENT_TARGET = 16.4;
				MTL_ENABLE_DEBUG_INFO = INCLUDE_SOURCE;
				MTL_FAST_MATH = YES;
				ONLY_ACTIVE_ARCH = YES;
				SDKROOT = iphoneos;
				SWIFT_ACTIVE_COMPILATION_CONDITIONS = DEBUG;
				SWIFT_OPTIMIZATION_LEVEL = "-Onone";
			};
			name = Debug;
		};
		39D1FEAB2A0251BA001825D3 /* Release */ = {
			isa = XCBuildConfiguration;
			buildSettings = {
				ALWAYS_SEARCH_USER_PATHS = NO;
				CLANG_ANALYZER_NONNULL = YES;
				CLANG_ANALYZER_NUMBER_OBJECT_CONVERSION = YES_AGGRESSIVE;
				CLANG_CXX_LANGUAGE_STANDARD = "gnu++20";
				CLANG_ENABLE_MODULES = YES;
				CLANG_ENABLE_OBJC_ARC = YES;
				CLANG_ENABLE_OBJC_WEAK = YES;
				CLANG_WARN_BLOCK_CAPTURE_AUTORELEASING = YES;
				CLANG_WARN_BOOL_CONVERSION = YES;
				CLANG_WARN_COMMA = YES;
				CLANG_WARN_CONSTANT_CONVERSION = YES;
				CLANG_WARN_DEPRECATED_OBJC_IMPLEMENTATIONS = YES;
				CLANG_WARN_DIRECT_OBJC_ISA_USAGE = YES_ERROR;
				CLANG_WARN_DOCUMENTATION_COMMENTS = YES;
				CLANG_WARN_EMPTY_BODY = YES;
				CLANG_WARN_ENUM_CONVERSION = YES;
				CLANG_WARN_INFINITE_RECURSION = YES;
				CLANG_WARN_INT_CONVERSION = YES;
				CLANG_WARN_NON_LITERAL_NULL_CONVERSION = YES;
				CLANG_WARN_OBJC_IMPLICIT_RETAIN_SELF = YES;
				CLANG_WARN_OBJC_LITERAL_CONVERSION = YES;
				CLANG_WARN_OBJC_ROOT_CLASS = YES_ERROR;
				CLANG_WARN_QUOTED_INCLUDE_IN_FRAMEWORK_HEADER = YES;
				CLANG_WARN_RANGE_LOOP_ANALYSIS = YES;
				CLANG_WARN_STRICT_PROTOTYPES = YES;
				CLANG_WARN_SUSPICIOUS_MOVE = YES;
				CLANG_WARN_UNGUARDED_AVAILABILITY = YES_AGGRESSIVE;
				CLANG_WARN_UNREACHABLE_CODE = YES;
				CLANG_WARN__DUPLICATE_METHOD_MATCH = YES;
				COPY_PHASE_STRIP = NO;
				DEBUG_INFORMATION_FORMAT = "dwarf-with-dsym";
				ENABLE_NS_ASSERTIONS = NO;
				ENABLE_STRICT_OBJC_MSGSEND = YES;
				GCC_C_LANGUAGE_STANDARD = gnu11;
				GCC_NO_COMMON_BLOCKS = YES;
				GCC_WARN_64_TO_32_BIT_CONVERSION = YES;
				GCC_WARN_ABOUT_RETURN_TYPE = YES_ERROR;
				GCC_WARN_UNDECLARED_SELECTOR = YES;
				GCC_WARN_UNINITIALIZED_AUTOS = YES_AGGRESSIVE;
				GCC_WARN_UNUSED_FUNCTION = YES;
				GCC_WARN_UNUSED_VARIABLE = YES;
				IPHONEOS_DEPLOYMENT_TARGET = 16.4;
				MTL_ENABLE_DEBUG_INFO = NO;
				MTL_FAST_MATH = YES;
				SDKROOT = iphoneos;
				SWIFT_COMPILATION_MODE = wholemodule;
				SWIFT_OPTIMIZATION_LEVEL = "-O";
				VALIDATE_PRODUCT = YES;
			};
			name = Release;
		};
		39D1FEAD2A0251BA001825D3 /* Debug */ = {
			isa = XCBuildConfiguration;
			buildSettings = {
				ASSETCATALOG_COMPILER_APPICON_NAME = AppIcon;
				ASSETCATALOG_COMPILER_GLOBAL_ACCENT_COLOR_NAME = AccentColor;
				CODE_SIGN_STYLE = Automatic;
				CURRENT_PROJECT_VERSION = 1;
				DEVELOPMENT_ASSET_PATHS = "\"BonusMoney.Pro/Preview Content\"";
				DEVELOPMENT_TEAM = Z77PMGH233;
				ENABLE_PREVIEWS = YES;
				GENERATE_INFOPLIST_FILE = YES;
				INFOPLIST_KEY_UIApplicationSceneManifest_Generation = YES;
				INFOPLIST_KEY_UIApplicationSupportsIndirectInputEvents = YES;
				INFOPLIST_KEY_UILaunchScreen_Generation = YES;
				INFOPLIST_KEY_UISupportedInterfaceOrientations = UIInterfaceOrientationPortrait;
				INFOPLIST_KEY_UIUserInterfaceStyle = Light;
				IPHONEOS_DEPLOYMENT_TARGET = 15.0;
				LD_RUNPATH_SEARCH_PATHS = (
					"$(inherited)",
					"@executable_path/Frameworks",
				);
				MARKETING_VERSION = 1.0;
				PRODUCT_BUNDLE_IDENTIFIER = isartemvorobev.BonusMoney;
				PRODUCT_NAME = "$(TARGET_NAME)";
				SWIFT_EMIT_LOC_STRINGS = YES;
				SWIFT_VERSION = 5.0;
				TARGETED_DEVICE_FAMILY = "1,2";
			};
			name = Debug;
		};
		39D1FEAE2A0251BA001825D3 /* Release */ = {
			isa = XCBuildConfiguration;
			buildSettings = {
				ASSETCATALOG_COMPILER_APPICON_NAME = AppIcon;
				ASSETCATALOG_COMPILER_GLOBAL_ACCENT_COLOR_NAME = AccentColor;
				CODE_SIGN_STYLE = Automatic;
				CURRENT_PROJECT_VERSION = 1;
				DEVELOPMENT_ASSET_PATHS = "\"BonusMoney.Pro/Preview Content\"";
				DEVELOPMENT_TEAM = Z77PMGH233;
				ENABLE_PREVIEWS = YES;
				GENERATE_INFOPLIST_FILE = YES;
				INFOPLIST_KEY_UIApplicationSceneManifest_Generation = YES;
				INFOPLIST_KEY_UIApplicationSupportsIndirectInputEvents = YES;
				INFOPLIST_KEY_UILaunchScreen_Generation = YES;
				INFOPLIST_KEY_UISupportedInterfaceOrientations = UIInterfaceOrientationPortrait;
				INFOPLIST_KEY_UIUserInterfaceStyle = Light;
				IPHONEOS_DEPLOYMENT_TARGET = 15.0;
				LD_RUNPATH_SEARCH_PATHS = (
					"$(inherited)",
					"@executable_path/Frameworks",
				);
				MARKETING_VERSION = 1.0;
				PRODUCT_BUNDLE_IDENTIFIER = isartemvorobev.BonusMoney;
				PRODUCT_NAME = "$(TARGET_NAME)";
				SWIFT_EMIT_LOC_STRINGS = YES;
				SWIFT_VERSION = 5.0;
				TARGETED_DEVICE_FAMILY = "1,2";
			};
			name = Release;
		};
/* End XCBuildConfiguration section */

/* Begin XCConfigurationList section */
		39D1FE992A0251B8001825D3 /* Build configuration list for PBXProject "BonusMoney.Pro" */ = {
			isa = XCConfigurationList;
			buildConfigurations = (
				39D1FEAA2A0251BA001825D3 /* Debug */,
				39D1FEAB2A0251BA001825D3 /* Release */,
			);
			defaultConfigurationIsVisible = 0;
			defaultConfigurationName = Release;
		};
		39D1FEAC2A0251BA001825D3 /* Build configuration list for PBXNativeTarget "BonusMoney.Pro" */ = {
			isa = XCConfigurationList;
			buildConfigurations = (
				39D1FEAD2A0251BA001825D3 /* Debug */,
				39D1FEAE2A0251BA001825D3 /* Release */,
			);
			defaultConfigurationIsVisible = 0;
			defaultConfigurationName = Release;
		};
/* End XCConfigurationList section */
	};
	rootObject = 39D1FE962A0251B8001825D3 /* Project object */;
}
