// !$*UTF8*$!
{
	archiveVersion = 1;
	classes = {
	};
	objectVersion = 56;
	objects = {

/* Begin PBXBuildFile section */
		39D1FDDC29E7E7B9001825D3 /* BonusCardWalletApp.swift in Sources */ = {isa = PBXBuildFile; fileRef = 39D1FDDB29E7E7B9001825D3 /* BonusCardWalletApp.swift */; };
		39D1FDDE29E7E7B9001825D3 /* ContentView.swift in Sources */ = {isa = PBXBuildFile; fileRef = 39D1FDDD29E7E7B9001825D3 /* ContentView.swift */; };
		39D1FDE029E7E7BB001825D3 /* Assets.xcassets in Resources */ = {isa = PBXBuildFile; fileRef = 39D1FDDF29E7E7BB001825D3 /* Assets.xcassets */; };
		39D1FDE329E7E7BB001825D3 /* Preview Assets.xcassets in Resources */ = {isa = PBXBuildFile; fileRef = 39D1FDE229E7E7BB001825D3 /* Preview Assets.xcassets */; };
		39D1FDEB29E7EB9D001825D3 /* Home.swift in Sources */ = {isa = PBXBuildFile; fileRef = 39D1FDEA29E7EB9D001825D3 /* Home.swift */; };
		39D1FDED29E7EC46001825D3 /* HeaderView.swift in Sources */ = {isa = PBXBuildFile; fileRef = 39D1FDEC29E7EC46001825D3 /* HeaderView.swift */; };
		39D1FDF029E7ED2F001825D3 /* Color+Hex.swift in Sources */ = {isa = PBXBuildFile; fileRef = 39D1FDEF29E7ED2F001825D3 /* Color+Hex.swift */; };
		39D1FDF229E7F008001825D3 /* CardView.swift in Sources */ = {isa = PBXBuildFile; fileRef = 39D1FDF129E7F008001825D3 /* CardView.swift */; };
		39D1FDF429E7FC92001825D3 /* RollingText.swift in Sources */ = {isa = PBXBuildFile; fileRef = 39D1FDF329E7FC92001825D3 /* RollingText.swift */; };
		39D1FDF729E80715001825D3 /* CardViewViewModel.swift in Sources */ = {isa = PBXBuildFile; fileRef = 39D1FDF629E80715001825D3 /* CardViewViewModel.swift */; };
		39D1FDFA29E80F6A001825D3 /* CardModel.swift in Sources */ = {isa = PBXBuildFile; fileRef = 39D1FDF929E80F6A001825D3 /* CardModel.swift */; };
		39D1FDFD29E813CB001825D3 /* GetAllCards.swift in Sources */ = {isa = PBXBuildFile; fileRef = 39D1FDFC29E813CB001825D3 /* GetAllCards.swift */; };
		39D1FDFF29E8165F001825D3 /* NetworkManager.swift in Sources */ = {isa = PBXBuildFile; fileRef = 39D1FDFE29E8165F001825D3 /* NetworkManager.swift */; };
		39D1FE0229E84D3C001825D3 /* CardLogoImageView.swift in Sources */ = {isa = PBXBuildFile; fileRef = 39D1FE0129E84D3C001825D3 /* CardLogoImageView.swift */; };
		39D1FE0629E851C7001825D3 /* Endpoint.swift in Sources */ = {isa = PBXBuildFile; fileRef = 39D1FE0529E851C7001825D3 /* Endpoint.swift */; };
		39D1FE0829E859A0001825D3 /* HUDProgressView.swift in Sources */ = {isa = PBXBuildFile; fileRef = 39D1FE0729E859A0001825D3 /* HUDProgressView.swift */; };
/* End PBXBuildFile section */

/* Begin PBXFileReference section */
		39D1FDD829E7E7B9001825D3 /* BonusCardWallet.app */ = {isa = PBXFileReference; explicitFileType = wrapper.application; includeInIndex = 0; path = BonusCardWallet.app; sourceTree = BUILT_PRODUCTS_DIR; };
		39D1FDDB29E7E7B9001825D3 /* BonusCardWalletApp.swift */ = {isa = PBXFileReference; lastKnownFileType = sourcecode.swift; path = BonusCardWalletApp.swift; sourceTree = "<group>"; };
		39D1FDDD29E7E7B9001825D3 /* ContentView.swift */ = {isa = PBXFileReference; lastKnownFileType = sourcecode.swift; path = ContentView.swift; sourceTree = "<group>"; };
		39D1FDDF29E7E7BB001825D3 /* Assets.xcassets */ = {isa = PBXFileReference; lastKnownFileType = folder.assetcatalog; path = Assets.xcassets; sourceTree = "<group>"; };
		39D1FDE229E7E7BB001825D3 /* Preview Assets.xcassets */ = {isa = PBXFileReference; lastKnownFileType = folder.assetcatalog; path = "Preview Assets.xcassets"; sourceTree = "<group>"; };
		39D1FDEA29E7EB9D001825D3 /* Home.swift */ = {isa = PBXFileReference; lastKnownFileType = sourcecode.swift; path = Home.swift; sourceTree = "<group>"; };
		39D1FDEC29E7EC46001825D3 /* HeaderView.swift */ = {isa = PBXFileReference; lastKnownFileType = sourcecode.swift; path = HeaderView.swift; sourceTree = "<group>"; };
		39D1FDEF29E7ED2F001825D3 /* Color+Hex.swift */ = {isa = PBXFileReference; lastKnownFileType = sourcecode.swift; path = "Color+Hex.swift"; sourceTree = "<group>"; };
		39D1FDF129E7F008001825D3 /* CardView.swift */ = {isa = PBXFileReference; lastKnownFileType = sourcecode.swift; path = CardView.swift; sourceTree = "<group>"; };
		39D1FDF329E7FC92001825D3 /* RollingText.swift */ = {isa = PBXFileReference; lastKnownFileType = sourcecode.swift; path = RollingText.swift; sourceTree = "<group>"; };
		39D1FDF629E80715001825D3 /* CardViewViewModel.swift */ = {isa = PBXFileReference; lastKnownFileType = sourcecode.swift; path = CardViewViewModel.swift; sourceTree = "<group>"; };
		39D1FDF929E80F6A001825D3 /* CardModel.swift */ = {isa = PBXFileReference; lastKnownFileType = sourcecode.swift; path = CardModel.swift; sourceTree = "<group>"; };
		39D1FDFC29E813CB001825D3 /* GetAllCards.swift */ = {isa = PBXFileReference; lastKnownFileType = sourcecode.swift; path = GetAllCards.swift; sourceTree = "<group>"; };
		39D1FDFE29E8165F001825D3 /* NetworkManager.swift */ = {isa = PBXFileReference; lastKnownFileType = sourcecode.swift; path = NetworkManager.swift; sourceTree = "<group>"; };
		39D1FE0029E823D8001825D3 /* Info.plist */ = {isa = PBXFileReference; lastKnownFileType = text.plist; path = Info.plist; sourceTree = "<group>"; };
		39D1FE0129E84D3C001825D3 /* CardLogoImageView.swift */ = {isa = PBXFileReference; lastKnownFileType = sourcecode.swift; path = CardLogoImageView.swift; sourceTree = "<group>"; };
		39D1FE0529E851C7001825D3 /* Endpoint.swift */ = {isa = PBXFileReference; lastKnownFileType = sourcecode.swift; path = Endpoint.swift; sourceTree = "<group>"; };
		39D1FE0729E859A0001825D3 /* HUDProgressView.swift */ = {isa = PBXFileReference; lastKnownFileType = sourcecode.swift; path = HUDProgressView.swift; sourceTree = "<group>"; };
/* End PBXFileReference section */

/* Begin PBXFrameworksBuildPhase section */
		39D1FDD529E7E7B9001825D3 /* Frameworks */ = {
			isa = PBXFrameworksBuildPhase;
			buildActionMask = 2147483647;
			files = (
			);
			runOnlyForDeploymentPostprocessing = 0;
		};
/* End PBXFrameworksBuildPhase section */

/* Begin PBXGroup section */
		39D1FDCF29E7E7B9001825D3 = {
			isa = PBXGroup;
			children = (
				39D1FDDA29E7E7B9001825D3 /* BonusCardWallet */,
				39D1FDD929E7E7B9001825D3 /* Products */,
			);
			sourceTree = "<group>";
		};
		39D1FDD929E7E7B9001825D3 /* Products */ = {
			isa = PBXGroup;
			children = (
				39D1FDD829E7E7B9001825D3 /* BonusCardWallet.app */,
			);
			name = Products;
			sourceTree = "<group>";
		};
		39D1FDDA29E7E7B9001825D3 /* BonusCardWallet */ = {
			isa = PBXGroup;
			children = (
				39D1FE0029E823D8001825D3 /* Info.plist */,
				39D1FDFB29E813A1001825D3 /* APIClient */,
				39D1FDF829E80F55001825D3 /* Model */,
				39D1FDF529E80702001825D3 /* ViewModel */,
				39D1FDEE29E7ED1D001825D3 /* Extensions */,
				39D1FDE929E7EB8F001825D3 /* View */,
				39D1FDDB29E7E7B9001825D3 /* BonusCardWalletApp.swift */,
				39D1FDDD29E7E7B9001825D3 /* ContentView.swift */,
				39D1FDDF29E7E7BB001825D3 /* Assets.xcassets */,
				39D1FDE129E7E7BB001825D3 /* Preview Content */,
			);
			path = BonusCardWallet;
			sourceTree = "<group>";
		};
		39D1FDE129E7E7BB001825D3 /* Preview Content */ = {
			isa = PBXGroup;
			children = (
				39D1FDE229E7E7BB001825D3 /* Preview Assets.xcassets */,
			);
			path = "Preview Content";
			sourceTree = "<group>";
		};
		39D1FDE929E7EB8F001825D3 /* View */ = {
			isa = PBXGroup;
			children = (
				39D1FDEA29E7EB9D001825D3 /* Home.swift */,
				39D1FDEC29E7EC46001825D3 /* HeaderView.swift */,
				39D1FDF129E7F008001825D3 /* CardView.swift */,
				39D1FDF329E7FC92001825D3 /* RollingText.swift */,
				39D1FE0129E84D3C001825D3 /* CardLogoImageView.swift */,
				39D1FE0729E859A0001825D3 /* HUDProgressView.swift */,
			);
			path = View;
			sourceTree = "<group>";
		};
		39D1FDEE29E7ED1D001825D3 /* Extensions */ = {
			isa = PBXGroup;
			children = (
				39D1FDEF29E7ED2F001825D3 /* Color+Hex.swift */,
			);
			path = Extensions;
			sourceTree = "<group>";
		};
		39D1FDF529E80702001825D3 /* ViewModel */ = {
			isa = PBXGroup;
			children = (
				39D1FDF629E80715001825D3 /* CardViewViewModel.swift */,
			);
			path = ViewModel;
			sourceTree = "<group>";
		};
		39D1FDF829E80F55001825D3 /* Model */ = {
			isa = PBXGroup;
			children = (
				39D1FDF929E80F6A001825D3 /* CardModel.swift */,
			);
			path = Model;
			sourceTree = "<group>";
		};
		39D1FDFB29E813A1001825D3 /* APIClient */ = {
			isa = PBXGroup;
			children = (
				39D1FDFC29E813CB001825D3 /* GetAllCards.swift */,
				39D1FDFE29E8165F001825D3 /* NetworkManager.swift */,
				39D1FE0529E851C7001825D3 /* Endpoint.swift */,
			);
			path = APIClient;
			sourceTree = "<group>";
		};
/* End PBXGroup section */

/* Begin PBXNativeTarget section */
		39D1FDD729E7E7B9001825D3 /* BonusCardWallet */ = {
			isa = PBXNativeTarget;
			buildConfigurationList = 39D1FDE629E7E7BB001825D3 /* Build configuration list for PBXNativeTarget "BonusCardWallet" */;
			buildPhases = (
				39D1FDD429E7E7B9001825D3 /* Sources */,
				39D1FDD529E7E7B9001825D3 /* Frameworks */,
				39D1FDD629E7E7B9001825D3 /* Resources */,
			);
			buildRules = (
			);
			dependencies = (
			);
			name = BonusCardWallet;
			productName = BonusCardWallet;
			productReference = 39D1FDD829E7E7B9001825D3 /* BonusCardWallet.app */;
			productType = "com.apple.product-type.application";
		};
/* End PBXNativeTarget section */

/* Begin PBXProject section */
		39D1FDD029E7E7B9001825D3 /* Project object */ = {
			isa = PBXProject;
			attributes = {
				BuildIndependentTargetsInParallel = 1;
				LastSwiftUpdateCheck = 1430;
				LastUpgradeCheck = 1430;
				TargetAttributes = {
					39D1FDD729E7E7B9001825D3 = {
						CreatedOnToolsVersion = 14.3;
					};
				};
			};
			buildConfigurationList = 39D1FDD329E7E7B9001825D3 /* Build configuration list for PBXProject "BonusCardWallet" */;
			compatibilityVersion = "Xcode 14.0";
			developmentRegion = en;
			hasScannedForEncodings = 0;
			knownRegions = (
				en,
				Base,
			);
			mainGroup = 39D1FDCF29E7E7B9001825D3;
			productRefGroup = 39D1FDD929E7E7B9001825D3 /* Products */;
			projectDirPath = "";
			projectRoot = "";
			targets = (
				39D1FDD729E7E7B9001825D3 /* BonusCardWallet */,
			);
		};
/* End PBXProject section */

/* Begin PBXResourcesBuildPhase section */
		39D1FDD629E7E7B9001825D3 /* Resources */ = {
			isa = PBXResourcesBuildPhase;
			buildActionMask = 2147483647;
			files = (
				39D1FDE329E7E7BB001825D3 /* Preview Assets.xcassets in Resources */,
				39D1FDE029E7E7BB001825D3 /* Assets.xcassets in Resources */,
			);
			runOnlyForDeploymentPostprocessing = 0;
		};
/* End PBXResourcesBuildPhase section */

/* Begin PBXSourcesBuildPhase section */
		39D1FDD429E7E7B9001825D3 /* Sources */ = {
			isa = PBXSourcesBuildPhase;
			buildActionMask = 2147483647;
			files = (
				39D1FE0829E859A0001825D3 /* HUDProgressView.swift in Sources */,
				39D1FE0629E851C7001825D3 /* Endpoint.swift in Sources */,
				39D1FDF029E7ED2F001825D3 /* Color+Hex.swift in Sources */,
				39D1FDDE29E7E7B9001825D3 /* ContentView.swift in Sources */,
				39D1FDFD29E813CB001825D3 /* GetAllCards.swift in Sources */,
				39D1FDEB29E7EB9D001825D3 /* Home.swift in Sources */,
				39D1FDFF29E8165F001825D3 /* NetworkManager.swift in Sources */,
				39D1FDF729E80715001825D3 /* CardViewViewModel.swift in Sources */,
				39D1FDDC29E7E7B9001825D3 /* BonusCardWalletApp.swift in Sources */,
				39D1FDFA29E80F6A001825D3 /* CardModel.swift in Sources */,
				39D1FDF429E7FC92001825D3 /* RollingText.swift in Sources */,
				39D1FDF229E7F008001825D3 /* CardView.swift in Sources */,
				39D1FDED29E7EC46001825D3 /* HeaderView.swift in Sources */,
				39D1FE0229E84D3C001825D3 /* CardLogoImageView.swift in Sources */,
			);
			runOnlyForDeploymentPostprocessing = 0;
		};
/* End PBXSourcesBuildPhase section */

/* Begin XCBuildConfiguration section */
		39D1FDE429E7E7BB001825D3 /* Debug */ = {
			isa = XCBuildConfiguration;
			buildSettings = {
				ALWAYS_SEARCH_USER_PATHS = NO;
				CLANG_ANALYZER_NONNULL = YES;
				CLANG_ANALYZER_NUMBER_OBJECT_CONVERSION = YES_AGGRESSIVE;
				CLANG_CXX_LANGUAGE_STANDARD = "gnu++20";
				CLANG_ENABLE_MODULES = YES;
				CLANG_ENABLE_OBJC_ARC = YES;
				CLANG_ENABLE_OBJC_WEAK = YES;
				CLANG_WARN_BLOCK_CAPTURE_AUTORELEASING = YES;
				CLANG_WARN_BOOL_CONVERSION = YES;
				CLANG_WARN_COMMA = YES;
				CLANG_WARN_CONSTANT_CONVERSION = YES;
				CLANG_WARN_DEPRECATED_OBJC_IMPLEMENTATIONS = YES;
				CLANG_WARN_DIRECT_OBJC_ISA_USAGE = YES_ERROR;
				CLANG_WARN_DOCUMENTATION_COMMENTS = YES;
				CLANG_WARN_EMPTY_BODY = YES;
				CLANG_WARN_ENUM_CONVERSION = YES;
				CLANG_WARN_INFINITE_RECURSION = YES;
				CLANG_WARN_INT_CONVERSION = YES;
				CLANG_WARN_NON_LITERAL_NULL_CONVERSION = YES;
				CLANG_WARN_OBJC_IMPLICIT_RETAIN_SELF = YES;
				CLANG_WARN_OBJC_LITERAL_CONVERSION = YES;
				CLANG_WARN_OBJC_ROOT_CLASS = YES_ERROR;
				CLANG_WARN_QUOTED_INCLUDE_IN_FRAMEWORK_HEADER = YES;
				CLANG_WARN_RANGE_LOOP_ANALYSIS = YES;
				CLANG_WARN_STRICT_PROTOTYPES = YES;
				CLANG_WARN_SUSPICIOUS_MOVE = YES;
				CLANG_WARN_UNGUARDED_AVAILABILITY = YES_AGGRESSIVE;
				CLANG_WARN_UNREACHABLE_CODE = YES;
				CLANG_WARN__DUPLICATE_METHOD_MATCH = YES;
				COPY_PHASE_STRIP = NO;
				DEBUG_INFORMATION_FORMAT = dwarf;
				ENABLE_STRICT_OBJC_MSGSEND = YES;
				ENABLE_TESTABILITY = YES;
				GCC_C_LANGUAGE_STANDARD = gnu11;
				GCC_DYNAMIC_NO_PIC = NO;
				GCC_NO_COMMON_BLOCKS = YES;
				GCC_OPTIMIZATION_LEVEL = 0;
				GCC_PREPROCESSOR_DEFINITIONS = (
					"DEBUG=1",
					"$(inherited)",
				);
				GCC_WARN_64_TO_32_BIT_CONVERSION = YES;
				GCC_WARN_ABOUT_RETURN_TYPE = YES_ERROR;
				GCC_WARN_UNDECLARED_SELECTOR = YES;
				GCC_WARN_UNINITIALIZED_AUTOS = YES_AGGRESSIVE;
				GCC_WARN_UNUSED_FUNCTION = YES;
				GCC_WARN_UNUSED_VARIABLE = YES;
				IPHONEOS_DEPLOYMENT_TARGET = 16.4;
				MTL_ENABLE_DEBUG_INFO = INCLUDE_SOURCE;
				MTL_FAST_MATH = YES;
				ONLY_ACTIVE_ARCH = YES;
				SDKROOT = iphoneos;
				SWIFT_ACTIVE_COMPILATION_CONDITIONS = DEBUG;
				SWIFT_OPTIMIZATION_LEVEL = "-Onone";
			};
			name = Debug;
		};
		39D1FDE529E7E7BB001825D3 /* Release */ = {
			isa = XCBuildConfiguration;
			buildSettings = {
				ALWAYS_SEARCH_USER_PATHS = NO;
				CLANG_ANALYZER_NONNULL = YES;
				CLANG_ANALYZER_NUMBER_OBJECT_CONVERSION = YES_AGGRESSIVE;
				CLANG_CXX_LANGUAGE_STANDARD = "gnu++20";
				CLANG_ENABLE_MODULES = YES;
				CLANG_ENABLE_OBJC_ARC = YES;
				CLANG_ENABLE_OBJC_WEAK = YES;
				CLANG_WARN_BLOCK_CAPTURE_AUTORELEASING = YES;
				CLANG_WARN_BOOL_CONVERSION = YES;
				CLANG_WARN_COMMA = YES;
				CLANG_WARN_CONSTANT_CONVERSION = YES;
				CLANG_WARN_DEPRECATED_OBJC_IMPLEMENTATIONS = YES;
				CLANG_WARN_DIRECT_OBJC_ISA_USAGE = YES_ERROR;
				CLANG_WARN_DOCUMENTATION_COMMENTS = YES;
				CLANG_WARN_EMPTY_BODY = YES;
				CLANG_WARN_ENUM_CONVERSION = YES;
				CLANG_WARN_INFINITE_RECURSION = YES;
				CLANG_WARN_INT_CONVERSION = YES;
				CLANG_WARN_NON_LITERAL_NULL_CONVERSION = YES;
				CLANG_WARN_OBJC_IMPLICIT_RETAIN_SELF = YES;
				CLANG_WARN_OBJC_LITERAL_CONVERSION = YES;
				CLANG_WARN_OBJC_ROOT_CLASS = YES_ERROR;
				CLANG_WARN_QUOTED_INCLUDE_IN_FRAMEWORK_HEADER = YES;
				CLANG_WARN_RANGE_LOOP_ANALYSIS = YES;
				CLANG_WARN_STRICT_PROTOTYPES = YES;
				CLANG_WARN_SUSPICIOUS_MOVE = YES;
				CLANG_WARN_UNGUARDED_AVAILABILITY = YES_AGGRESSIVE;
				CLANG_WARN_UNREACHABLE_CODE = YES;
				CLANG_WARN__DUPLICATE_METHOD_MATCH = YES;
				COPY_PHASE_STRIP = NO;
				DEBUG_INFORMATION_FORMAT = "dwarf-with-dsym";
				ENABLE_NS_ASSERTIONS = NO;
				ENABLE_STRICT_OBJC_MSGSEND = YES;
				GCC_C_LANGUAGE_STANDARD = gnu11;
				GCC_NO_COMMON_BLOCKS = YES;
				GCC_WARN_64_TO_32_BIT_CONVERSION = YES;
				GCC_WARN_ABOUT_RETURN_TYPE = YES_ERROR;
				GCC_WARN_UNDECLARED_SELECTOR = YES;
				GCC_WARN_UNINITIALIZED_AUTOS = YES_AGGRESSIVE;
				GCC_WARN_UNUSED_FUNCTION = YES;
				GCC_WARN_UNUSED_VARIABLE = YES;
				IPHONEOS_DEPLOYMENT_TARGET = 16.4;
				MTL_ENABLE_DEBUG_INFO = NO;
				MTL_FAST_MATH = YES;
				SDKROOT = iphoneos;
				SWIFT_COMPILATION_MODE = wholemodule;
				SWIFT_OPTIMIZATION_LEVEL = "-O";
				VALIDATE_PRODUCT = YES;
			};
			name = Release;
		};
		39D1FDE729E7E7BB001825D3 /* Debug */ = {
			isa = XCBuildConfiguration;
			buildSettings = {
				ASSETCATALOG_COMPILER_APPICON_NAME = AppIcon;
				ASSETCATALOG_COMPILER_GLOBAL_ACCENT_COLOR_NAME = AccentColor;
				CODE_SIGN_STYLE = Automatic;
				CURRENT_PROJECT_VERSION = 1;
				DEVELOPMENT_ASSET_PATHS = "\"BonusCardWallet/Preview Content\"";
				DEVELOPMENT_TEAM = Z77PMGH233;
				ENABLE_PREVIEWS = YES;
				GENERATE_INFOPLIST_FILE = YES;
				INFOPLIST_FILE = BonusCardWallet/Info.plist;
				INFOPLIST_KEY_UIApplicationSceneManifest_Generation = YES;
				INFOPLIST_KEY_UIApplicationSupportsIndirectInputEvents = YES;
				INFOPLIST_KEY_UILaunchScreen_Generation = YES;
				INFOPLIST_KEY_UISupportedInterfaceOrientations_iPad = "UIInterfaceOrientationPortrait UIInterfaceOrientationPortraitUpsideDown UIInterfaceOrientationLandscapeLeft UIInterfaceOrientationLandscapeRight";
				INFOPLIST_KEY_UISupportedInterfaceOrientations_iPhone = "UIInterfaceOrientationPortrait UIInterfaceOrientationLandscapeLeft UIInterfaceOrientationLandscapeRight";
				IPHONEOS_DEPLOYMENT_TARGET = 15.5;
				LD_RUNPATH_SEARCH_PATHS = (
					"$(inherited)",
					"@executable_path/Frameworks",
				);
				MARKETING_VERSION = 1.0;
				PRODUCT_BUNDLE_IDENTIFIER = com.artemvorobev.BonusCardWallet;
				PRODUCT_NAME = "$(TARGET_NAME)";
				SWIFT_EMIT_LOC_STRINGS = YES;
				SWIFT_VERSION = 5.0;
				TARGETED_DEVICE_FAMILY = "1,2";
			};
			name = Debug;
		};
		39D1FDE829E7E7BB001825D3 /* Release */ = {
			isa = XCBuildConfiguration;
			buildSettings = {
				ASSETCATALOG_COMPILER_APPICON_NAME = AppIcon;
				ASSETCATALOG_COMPILER_GLOBAL_ACCENT_COLOR_NAME = AccentColor;
				CODE_SIGN_STYLE = Automatic;
				CURRENT_PROJECT_VERSION = 1;
				DEVELOPMENT_ASSET_PATHS = "\"BonusCardWallet/Preview Content\"";
				DEVELOPMENT_TEAM = Z77PMGH233;
				ENABLE_PREVIEWS = YES;
				GENERATE_INFOPLIST_FILE = YES;
				INFOPLIST_FILE = BonusCardWallet/Info.plist;
				INFOPLIST_KEY_UIApplicationSceneManifest_Generation = YES;
				INFOPLIST_KEY_UIApplicationSupportsIndirectInputEvents = YES;
				INFOPLIST_KEY_UILaunchScreen_Generation = YES;
				INFOPLIST_KEY_UISupportedInterfaceOrientations_iPad = "UIInterfaceOrientationPortrait UIInterfaceOrientationPortraitUpsideDown UIInterfaceOrientationLandscapeLeft UIInterfaceOrientationLandscapeRight";
				INFOPLIST_KEY_UISupportedInterfaceOrientations_iPhone = "UIInterfaceOrientationPortrait UIInterfaceOrientationLandscapeLeft UIInterfaceOrientationLandscapeRight";
				IPHONEOS_DEPLOYMENT_TARGET = 15.5;
				LD_RUNPATH_SEARCH_PATHS = (
					"$(inherited)",
					"@executable_path/Frameworks",
				);
				MARKETING_VERSION = 1.0;
				PRODUCT_BUNDLE_IDENTIFIER = com.artemvorobev.BonusCardWallet;
				PRODUCT_NAME = "$(TARGET_NAME)";
				SWIFT_EMIT_LOC_STRINGS = YES;
				SWIFT_VERSION = 5.0;
				TARGETED_DEVICE_FAMILY = "1,2";
			};
			name = Release;
		};
/* End XCBuildConfiguration section */

/* Begin XCConfigurationList section */
		39D1FDD329E7E7B9001825D3 /* Build configuration list for PBXProject "BonusCardWallet" */ = {
			isa = XCConfigurationList;
			buildConfigurations = (
				39D1FDE429E7E7BB001825D3 /* Debug */,
				39D1FDE529E7E7BB001825D3 /* Release */,
			);
			defaultConfigurationIsVisible = 0;
			defaultConfigurationName = Release;
		};
		39D1FDE629E7E7BB001825D3 /* Build configuration list for PBXNativeTarget "BonusCardWallet" */ = {
			isa = XCConfigurationList;
			buildConfigurations = (
				39D1FDE729E7E7BB001825D3 /* Debug */,
				39D1FDE829E7E7BB001825D3 /* Release */,
			);
			defaultConfigurationIsVisible = 0;
			defaultConfigurationName = Release;
		};
/* End XCConfigurationList section */
	};
	rootObject = 39D1FDD029E7E7B9001825D3 /* Project object */;
}
